
Microsoft Visual Studio Solution File, Format Version 12.00
# Visual Studio Version 17
VisualStudioVersion = 17.5.33516.290
MinimumVisualStudioVersion = 10.0.40219.1
Project("{9A19103F-16F7-4668-BE54-9A1E7A4F7556}") = "Services", "Services\Services.csproj", "{B1865CD1-ACF0-46DE-BF7A-930C44DF6C14}"
EndProject
Project("{9A19103F-16F7-4668-BE54-9A1E7A4F7556}") = "ServicesTests", "ServicesTests\ServicesTests.csproj", "{956A4EAC-0EA0-4E3D-BD43-8D4D48CEC450}"
EndProject
Project("{9A19103F-16F7-4668-BE54-9A1E7A4F7556}") = "TestUtils", "TestUtils\TestUtils.csproj", "{7F579B03-AED9-42C6-9142-628A23C957FB}"
EndProject
Project("{9A19103F-16F7-4668-BE54-9A1E7A4F7556}") = "FileVersionOf", "FileVersionOf\FileVersionOf.csproj", "{12380DEF-9968-43C7-B7D4-9010EB7E2754}"
EndProject
Global
	GlobalSection(SolutionConfigurationPlatforms) = preSolution
		Debug|Any CPU = Debug|Any CPU
		Debug|x64 = Debug|x64
		Release|Any CPU = Release|Any CPU
		Release|x64 = Release|x64
	EndGlobalSection
	GlobalSection(ProjectConfigurationPlatforms) = postSolution
		{B1865CD1-ACF0-46DE-BF7A-930C44DF6C14}.Debug|Any CPU.ActiveCfg = Debug|Any CPU
		{B1865CD1-ACF0-46DE-BF7A-930C44DF6C14}.Debug|Any CPU.Build.0 = Debug|Any CPU
		{B1865CD1-ACF0-46DE-BF7A-930C44DF6C14}.Debug|x64.ActiveCfg = Debug|Any CPU
		{B1865CD1-ACF0-46DE-BF7A-930C44DF6C14}.Debug|x64.Build.0 = Debug|Any CPU
		{B1865CD1-ACF0-46DE-BF7A-930C44DF6C14}.Release|Any CPU.ActiveCfg = Release|Any CPU
		{B1865CD1-ACF0-46DE-BF7A-930C44DF6C14}.Release|Any CPU.Build.0 = Release|Any CPU
		{B1865CD1-ACF0-46DE-BF7A-930C44DF6C14}.Release|x64.ActiveCfg = Release|Any CPU
		{B1865CD1-ACF0-46DE-BF7A-930C44DF6C14}.Release|x64.Build.0 = Release|Any CPU
		{956A4EAC-0EA0-4E3D-BD43-8D4D48CEC450}.Debug|Any CPU.ActiveCfg = Debug|Any CPU
		{956A4EAC-0EA0-4E3D-BD43-8D4D48CEC450}.Debug|Any CPU.Build.0 = Debug|Any CPU
		{956A4EAC-0EA0-4E3D-BD43-8D4D48CEC450}.Debug|x64.ActiveCfg = Debug|x64
		{956A4EAC-0EA0-4E3D-BD43-8D4D48CEC450}.Debug|x64.Build.0 = Debug|x64
		{956A4EAC-0EA0-4E3D-BD43-8D4D48CEC450}.Release|Any CPU.ActiveCfg = Release|Any CPU
		{956A4EAC-0EA0-4E3D-BD43-8D4D48CEC450}.Release|Any CPU.Build.0 = Release|Any CPU
		{956A4EAC-0EA0-4E3D-BD43-8D4D48CEC450}.Release|x64.ActiveCfg = Release|x64
		{956A4EAC-0EA0-4E3D-BD43-8D4D48CEC450}.Release|x64.Build.0 = Release|x64
		{7F579B03-AED9-42C6-9142-628A23C957FB}.Debug|Any CPU.ActiveCfg = Debug|Any CPU
		{7F579B03-AED9-42C6-9142-628A23C957FB}.Debug|Any CPU.Build.0 = Debug|Any CPU
		{7F579B03-AED9-42C6-9142-628A23C957FB}.Debug|x64.ActiveCfg = Debug|x64
		{7F579B03-AED9-42C6-9142-628A23C957FB}.Debug|x64.Build.0 = Debug|x64
		{7F579B03-AED9-42C6-9142-628A23C957FB}.Release|Any CPU.ActiveCfg = Release|Any CPU
		{7F579B03-AED9-42C6-9142-628A23C957FB}.Release|Any CPU.Build.0 = Release|Any CPU
		{7F579B03-AED9-42C6-9142-628A23C957FB}.Release|x64.ActiveCfg = Release|x64
		{7F579B03-AED9-42C6-9142-628A23C957FB}.Release|x64.Build.0 = Release|x64
		{12380DEF-9968-43C7-B7D4-9010EB7E2754}.Debug|Any CPU.ActiveCfg = Debug|Any CPU
		{12380DEF-9968-43C7-B7D4-9010EB7E2754}.Debug|Any CPU.Build.0 = Debug|Any CPU
		{12380DEF-9968-43C7-B7D4-9010EB7E2754}.Debug|x64.ActiveCfg = Debug|x64
		{12380DEF-9968-43C7-B7D4-9010EB7E2754}.Debug|x64.Build.0 = Debug|x64
		{12380DEF-9968-43C7-B7D4-9010EB7E2754}.Release|Any CPU.ActiveCfg = Release|Any CPU
		{12380DEF-9968-43C7-B7D4-9010EB7E2754}.Release|Any CPU.Build.0 = Release|Any CPU
		{12380DEF-9968-43C7-B7D4-9010EB7E2754}.Release|x64.ActiveCfg = Release|x64
		{12380DEF-9968-43C7-B7D4-9010EB7E2754}.Release|x64.Build.0 = Release|x64
	EndGlobalSection
	GlobalSection(SolutionProperties) = preSolution
		HideSolutionNode = FALSE
	EndGlobalSection
	GlobalSection(ExtensibilityGlobals) = postSolution
		SolutionGuid = {E0F039F7-EB33-40E2-A025-23B99FCEF5BB}
	EndGlobalSection
EndGlobal
